
Microsoft Visual Studio Solution File, Format Version 12.00
# Visual Studio Version 17
VisualStudioVersion = 17.5.33627.172
MinimumVisualStudioVersion = 10.0.40219.1
Project("{9A19103F-16F7-4668-BE54-9A1E7A4F7556}") = "BookStore", "BookStore\BookStore.csproj", "{0C672EBC-CC14-4827-8C4F-0E6AFC265C37}"
EndProject
Project("{9A19103F-16F7-4668-BE54-9A1E7A4F7556}") = "TodoApi", "TodoApi\TodoApi.csproj", "{F2974E06-B245-41B0-910B-A530868561A6}"
EndProject
Project("{9A19103F-16F7-4668-BE54-9A1E7A4F7556}") = "OnlineStore", "OnlineStore\OnlineStore.csproj", "{8A9DCC85-7118-43BC-95E0-5A1A8A2BC1CF}"
EndProject
Project("{2150E333-8FDC-42A3-9474-1A3956D46DE8}") = "Solution Items", "Solution Items", "{9A97502C-4C3B-42FD-85F8-B816B7C97B8B}"
	ProjectSection(SolutionItems) = preProject
		.editorconfig = .editorconfig
	EndProjectSection
EndProject
Global
	GlobalSection(SolutionConfigurationPlatforms) = preSolution
		Debug|Any CPU = Debug|Any CPU
		Release|Any CPU = Release|Any CPU
	EndGlobalSection
	GlobalSection(ProjectConfigurationPlatforms) = postSolution
		{0C672EBC-CC14-4827-8C4F-0E6AFC265C37}.Debug|Any CPU.ActiveCfg = Debug|Any CPU
		{0C672EBC-CC14-4827-8C4F-0E6AFC265C37}.Debug|Any CPU.Build.0 = Debug|Any CPU
		{0C672EBC-CC14-4827-8C4F-0E6AFC265C37}.Release|Any CPU.ActiveCfg = Release|Any CPU
		{0C672EBC-CC14-4827-8C4F-0E6AFC265C37}.Release|Any CPU.Build.0 = Release|Any CPU
		{F2974E06-B245-41B0-910B-A530868561A6}.Debug|Any CPU.ActiveCfg = Debug|Any CPU
		{F2974E06-B245-41B0-910B-A530868561A6}.Debug|Any CPU.Build.0 = Debug|Any CPU
		{F2974E06-B245-41B0-910B-A530868561A6}.Release|Any CPU.ActiveCfg = Release|Any CPU
		{F2974E06-B245-41B0-910B-A530868561A6}.Release|Any CPU.Build.0 = Release|Any CPU
		{8A9DCC85-7118-43BC-95E0-5A1A8A2BC1CF}.Debug|Any CPU.ActiveCfg = Debug|Any CPU
		{8A9DCC85-7118-43BC-95E0-5A1A8A2BC1CF}.Debug|Any CPU.Build.0 = Debug|Any CPU
		{8A9DCC85-7118-43BC-95E0-5A1A8A2BC1CF}.Release|Any CPU.ActiveCfg = Release|Any CPU
		{8A9DCC85-7118-43BC-95E0-5A1A8A2BC1CF}.Release|Any CPU.Build.0 = Release|Any CPU
	EndGlobalSection
	GlobalSection(SolutionProperties) = preSolution
		HideSolutionNode = FALSE
	EndGlobalSection
	GlobalSection(ExtensibilityGlobals) = postSolution
		SolutionGuid = {31911ADF-A442-4D2F-8277-05F56EB8E00B}
	EndGlobalSection
EndGlobal
